{
  "name": "sslize",
  "version": "2.0.0",
  "lockfileVersion": 3,
  "requires": true,
  "packages": {
    "": {
      "name": "sslize",
      "version": "2.0.0",
      "license": "ISC",
      "dependencies": {
        "axios": "^1.6.7",
        "greenlock": "^4.0.4",
        "greenlock-store-fs": "^3.2.2",
        "home": "^1.0.1",
        "http-proxy": "^1.17.0",
        "httpolyglot": "^0.1.2"
      },
      "bin": {
        "sslize": "sslize.js"
      }
    },
    "node_modules/@greenlock/manager": {
      "version": "3.1.0",
      "resolved": "https://registry.npmjs.org/@greenlock/manager/-/manager-3.1.0.tgz",
      "integrity": "sha512-PBy5CMK+j4oD7sj7hF5qE+xKEOSiiuL2hHd5X5ttEbtnTSDKjNeqbrR5k2ZddwVNdjOVeBIeuqlm81IFZ+Ftew==",
      "dependencies": {
        "greenlock-manager-fs": "^3.1.0"
      }
    },
    "node_modules/@root/acme": {
      "version": "3.1.0",
      "resolved": "https://registry.npmjs.org/@root/acme/-/acme-3.1.0.tgz",
      "integrity": "sha512-GAyaW63cpSYd2KvVp5lHLbCWeEhJPKZK9nsJvZJOKsD9Uv88KEttn4FpDZEJ+2q3Jsey0DWpuQ2I4ft0JV9p2w==",
      "hasInstallScript": true,
      "dependencies": {
        "@root/csr": "^0.8.1",
        "@root/encoding": "^1.0.1",
        "@root/keypairs": "^0.10.0",
        "@root/pem": "^1.0.4",
        "@root/request": "^1.6.1",
        "@root/x509": "^0.7.2"
      }
    },
    "node_modules/@root/acme/node_modules/@root/keypairs": {
      "version": "0.10.3",
      "resolved": "https://registry.npmjs.org/@root/keypairs/-/keypairs-0.10.3.tgz",
      "integrity": "sha512-hbmjVbk/G99Z1XlUzJM4VOAaR8jm4vMnfwpZL301FA24ubJ/bOjj6enCrz9gKsQvBO6RY4/R4MgUuWpXeqeZZQ==",
      "dependencies": {
        "@root/encoding": "^1.0.1",
        "@root/pem": "^1.0.4",
        "@root/x509": "^0.7.2"
      }
    },
    "node_modules/@root/asn1": {
      "version": "1.0.0",
      "resolved": "https://registry.npmjs.org/@root/asn1/-/asn1-1.0.0.tgz",
      "integrity": "sha512-0lfZNuOULKJDJmdIkP8V9RnbV3XaK6PAHD3swnFy4tZwtlMDzLKoM/dfNad7ut8Hu3r91wy9uK0WA/9zym5mig==",
      "dependencies": {
        "@root/encoding": "^1.0.1"
      }
    },
    "node_modules/@root/csr": {
      "version": "0.8.1",
      "resolved": "https://registry.npmjs.org/@root/csr/-/csr-0.8.1.tgz",
      "integrity": "sha512-hKl0VuE549TK6SnS2Yn9nRvKbFZXn/oAg+dZJU/tlKl/f/0yRXeuUzf8akg3JjtJq+9E592zDqeXZ7yyrg8fSQ==",
      "dependencies": {
        "@root/asn1": "^1.0.0",
        "@root/pem": "^1.0.4",
        "@root/x509": "^0.7.2"
      }
    },
    "node_modules/@root/encoding": {
      "version": "1.0.1",
      "resolved": "https://registry.npmjs.org/@root/encoding/-/encoding-1.0.1.tgz",
      "integrity": "sha512-OaEub02ufoU038gy6bsNHQOjIn8nUjGiLcaRmJ40IUykneJkIW5fxDqKxQx48cszuNflYldsJLPPXCrGfHs8yQ=="
    },
    "node_modules/@root/greenlock": {
      "version": "4.0.5",
      "resolved": "https://registry.npmjs.org/@root/greenlock/-/greenlock-4.0.5.tgz",
      "integrity": "sha512-KR9w3mYE9aH33FCibI8oSYBQV+f7lc3MVPdZ9nxY2tqRLmJp05cMOMz340mtG14VnWDuznLj4TbBj3sHIuoQPQ==",
      "dependencies": {
        "@greenlock/manager": "^3.1.0",
        "@root/acme": "^3.1.0",
        "@root/csr": "^0.8.1",
        "@root/keypairs": "^0.10.0",
        "@root/mkdirp": "^1.0.0",
        "@root/request": "^1.6.1",
        "acme-http-01-standalone": "^3.0.5",
        "cert-info": "^1.5.1",
        "greenlock-store-fs": "^3.2.2",
        "safe-replace": "^1.1.0"
      },
      "bin": {
        "greenlock": "bin/greenlock.js"
      }
    },
    "node_modules/@root/greenlock/node_modules/@root/keypairs": {
      "version": "0.10.3",
      "resolved": "https://registry.npmjs.org/@root/keypairs/-/keypairs-0.10.3.tgz",
      "integrity": "sha512-hbmjVbk/G99Z1XlUzJM4VOAaR8jm4vMnfwpZL301FA24ubJ/bOjj6enCrz9gKsQvBO6RY4/R4MgUuWpXeqeZZQ==",
      "dependencies": {
        "@root/encoding": "^1.0.1",
        "@root/pem": "^1.0.4",
        "@root/x509": "^0.7.2"
      }
    },
    "node_modules/@root/keypairs": {
      "version": "0.9.0",
      "resolved": "https://registry.npmjs.org/@root/keypairs/-/keypairs-0.9.0.tgz",
      "integrity": "sha512-NXE2L9Gv7r3iC4kB/gTPZE1vO9Ox/p14zDzAJ5cGpTpytbWOlWF7QoHSJbtVX4H7mRG/Hp7HR3jWdWdb2xaaXg==",
      "dependencies": {
        "@root/encoding": "^1.0.1",
        "@root/pem": "^1.0.4",
        "@root/x509": "^0.7.2"
      }
    },
    "node_modules/@root/mkdirp": {
      "version": "1.0.0",
      "resolved": "https://registry.npmjs.org/@root/mkdirp/-/mkdirp-1.0.0.tgz",
      "integrity": "sha512-hxGAYUx5029VggfG+U9naAhQkoMSXtOeXtbql97m3Hi6/sQSRL/4khKZPyOF6w11glyCOU38WCNLu9nUcSjOfA=="
    },
    "node_modules/@root/pem": {
      "version": "1.0.4",
      "resolved": "https://registry.npmjs.org/@root/pem/-/pem-1.0.4.tgz",
      "integrity": "sha512-rEUDiUsHtild8GfIjFE9wXtcVxeS+ehCJQBwbQQ3IVfORKHK93CFnRtkr69R75lZFjcmKYVc+AXDB+AeRFOULA=="
    },
    "node_modules/@root/request": {
      "version": "1.9.2",
      "resolved": "https://registry.npmjs.org/@root/request/-/request-1.9.2.tgz",
      "integrity": "sha512-wVaL9yVV9oDR9UNbPZa20qgY+4Ch6YN8JUkaE4el/uuS5dmhD8Lusm/ku8qJVNtmQA56XLzEDCRS6/vfpiHK2A=="
    },
    "node_modules/@root/x509": {
      "version": "0.7.2",
      "resolved": "https://registry.npmjs.org/@root/x509/-/x509-0.7.2.tgz",
      "integrity": "sha512-ENq3LGYORK5NiMFHEVeNMt+fTXaC7DTS6sQXoqV+dFdfT0vmiL5cDLjaXQhaklJQq0NiwicZegzJRl1ZOTp3WQ==",
      "dependencies": {
        "@root/asn1": "^1.0.0",
        "@root/encoding": "^1.0.1"
      }
    },
    "node_modules/acme-http-01-standalone": {
      "version": "3.0.5",
      "resolved": "https://registry.npmjs.org/acme-http-01-standalone/-/acme-http-01-standalone-3.0.5.tgz",
      "integrity": "sha512-W4GfK+39GZ+u0mvxRVUcVFCG6gposfzEnSBF20T/NUwWAKG59wQT1dUbS1NixRIAsRuhpGc4Jx659cErFQH0Pg=="
    },
    "node_modules/asynckit": {
      "version": "0.4.0",
      "resolved": "https://registry.npmjs.org/asynckit/-/asynckit-0.4.0.tgz",
      "integrity": "sha1-x57Zf380y48robyXkLzDZkdLS3k="
    },
    "node_modules/axios": {
      "version": "1.6.7",
      "resolved": "https://registry.npmjs.org/axios/-/axios-1.6.7.tgz",
      "integrity": "sha512-/hDJGff6/c7u0hDkvkGxR/oy6CbCs8ziCsC7SqmhjfozqiJGc8Z11wrv9z9lYfY4K8l+H9TpjcMDX0xOZmx+RA==",
      "dependencies": {
        "follow-redirects": "^1.15.4",
        "form-data": "^4.0.0",
        "proxy-from-env": "^1.1.0"
      }
    },
    "node_modules/axios/node_modules/combined-stream": {
      "version": "1.0.8",
      "resolved": "https://registry.npmjs.org/combined-stream/-/combined-stream-1.0.8.tgz",
      "integrity": "sha512-FQN4MRfuJeHf7cBbBMJFXhKSDq+2kAArBlmRBvcvFE5BB1HZKXtSFASDhdlz9zOYwxh8lDdnvmMOe/+5cdoEdg==",
      "dependencies": {
        "delayed-stream": "~1.0.0"
      },
      "engines": {
        "node": ">= 0.8"
      }
    },
    "node_modules/axios/node_modules/form-data": {
      "version": "4.0.0",
      "resolved": "https://registry.npmjs.org/form-data/-/form-data-4.0.0.tgz",
      "integrity": "sha512-ETEklSGi5t0QMZuiXoA/Q6vcnxcLQP5vdugSpuAyi6SVGi2clPPp+xgEhuMaHC+zGgn31Kd235W35f7Hykkaww==",
      "dependencies": {
        "asynckit": "^0.4.0",
        "combined-stream": "^1.0.8",
        "mime-types": "^2.1.12"
      },
      "engines": {
        "node": ">= 6"
      }
    },
    "node_modules/cert-info": {
      "version": "1.5.1",
      "resolved": "https://registry.npmjs.org/cert-info/-/cert-info-1.5.1.tgz",
      "integrity": "sha512-eoQC/yAgW3gKTKxjzyClvi+UzuY97YCjcl+lSqbsGIy7HeGaWxCPOQFivhUYm27hgsBMhsJJFya3kGvK6PMIcQ==",
      "bin": {
        "cert-info": "bin/cert-info.js"
      }
    },
    "node_modules/delayed-stream": {
      "version": "1.0.0",
      "resolved": "https://registry.npmjs.org/delayed-stream/-/delayed-stream-1.0.0.tgz",
      "integrity": "sha1-3zrhmayt+31ECqrgsp4icrJOxhk=",
      "engines": {
        "node": ">=0.4.0"
      }
    },
    "node_modules/eventemitter3": {
      "version": "4.0.7",
      "resolved": "https://registry.npmjs.org/eventemitter3/-/eventemitter3-4.0.7.tgz",
      "integrity": "sha512-8guHBZCwKnFhYdHr2ysuRWErTwhoN2X8XELRlrRwpmfeY2jjuUN4taQMsULKUVo1K4DvZl+0pgfyoysHxvmvEw=="
    },
    "node_modules/follow-redirects": {
      "version": "1.15.5",
      "resolved": "https://registry.npmjs.org/follow-redirects/-/follow-redirects-1.15.5.tgz",
      "integrity": "sha512-vSFWUON1B+yAw1VN4xMfxgn5fTUiaOzAJCKBwIIgT/+7CuGy9+r+5gITvP62j3RmaD5Ph65UaERdOSRGUzZtgw==",
      "funding": [
        {
          "type": "individual",
          "url": "https://github.com/sponsors/RubenVerborgh"
        }
      ],
      "engines": {
        "node": ">=4.0"
      },
      "peerDependenciesMeta": {
        "debug": {
          "optional": true
        }
      }
    },
    "node_modules/greenlock": {
      "version": "4.0.4",
      "resolved": "https://registry.npmjs.org/greenlock/-/greenlock-4.0.4.tgz",
      "integrity": "sha512-f96lHXk0DIZCyem4IpMea/ME4LnWUHHSJr79r6UxF//gBRFy9toSq7ndiSO9hL1A2WDZSv+j28kFcbf+/az9Ew==",
      "dependencies": {
        "@greenlock/manager": "^3.1.0",
        "@root/acme": "^3.0.9",
        "@root/csr": "^0.8.1",
        "@root/greenlock": "^4.0.4",
        "@root/keypairs": "^0.9.0",
        "@root/mkdirp": "^1.0.0",
        "@root/request": "^1.4.2",
        "acme-http-01-standalone": "^3.0.5",
        "cert-info": "^1.5.1",
        "greenlock-store-fs": "^3.2.2",
        "safe-replace": "^1.1.0"
      }
    },
    "node_modules/greenlock-manager-fs": {
      "version": "3.1.1",
      "resolved": "https://registry.npmjs.org/greenlock-manager-fs/-/greenlock-manager-fs-3.1.1.tgz",
      "integrity": "sha512-np6qdnPIOZx40PAcSQcqK1eMPWjTKxsxcgRd/OVg0ai49WC1Ds74CTrwmB84pq2n53ikbnDBQFmKEQ4AC0DK8w==",
      "dependencies": {
        "@root/mkdirp": "^1.0.0",
        "safe-replace": "^1.1.0"
      }
    },
    "node_modules/greenlock-store-fs": {
      "version": "3.2.2",
      "resolved": "https://registry.npmjs.org/greenlock-store-fs/-/greenlock-store-fs-3.2.2.tgz",
      "integrity": "sha512-92ejLB4DyV4qv/2b6VLGF2nKfYQeIfg3o+e/1cIoYLjlIaUFdbBXkzLTRozFlHsQPZt2ALi5qYrpC9IwH7GK8A==",
      "dependencies": {
        "@root/mkdirp": "^1.0.0",
        "safe-replace": "^1.1.0"
      }
    },
    "node_modules/home": {
      "version": "1.0.1",
      "resolved": "https://registry.npmjs.org/home/-/home-1.0.1.tgz",
      "integrity": "sha1-lqQjzrSbmDeP9e886uBZpVf53TU=",
      "dependencies": {
        "os-homedir": "^1.0.1"
      },
      "engines": {
        "node": ">=0.10.0"
      }
    },
    "node_modules/http-proxy": {
      "version": "1.18.1",
      "resolved": "https://registry.npmjs.org/http-proxy/-/http-proxy-1.18.1.tgz",
      "integrity": "sha512-7mz/721AbnJwIVbnaSv1Cz3Am0ZLT/UBwkC92VlxhXv/k/BBQfM2fXElQNC27BVGr0uwUpplYPQM9LnaBMR5NQ==",
      "dependencies": {
        "eventemitter3": "^4.0.0",
        "follow-redirects": "^1.0.0",
        "requires-port": "^1.0.0"
      },
      "engines": {
        "node": ">=8.0.0"
      }
    },
    "node_modules/httpolyglot": {
      "version": "0.1.2",
      "resolved": "https://registry.npmjs.org/httpolyglot/-/httpolyglot-0.1.2.tgz",
      "integrity": "sha512-ouHI1AaQMLgn4L224527S5+vq6hgvqPteurVfbm7ChViM3He2Wa8KP1Ny7pTYd7QKnDSPKcN8JYfC8r/lmsE3A==",
      "engines": {
        "node": ">=0.10.0"
      }
    },
    "node_modules/mime-db": {
      "version": "1.52.0",
      "resolved": "https://registry.npmjs.org/mime-db/-/mime-db-1.52.0.tgz",
      "integrity": "sha512-sPU4uV7dYlvtWJxwwxHD0PuihVNiE7TyAbQ5SWxDCB9mUYvOgroQOwYQQOKPJ8CIbE+1ETVlOoK1UC2nU3gYvg==",
      "engines": {
        "node": ">= 0.6"
      }
    },
    "node_modules/mime-types": {
      "version": "2.1.35",
      "resolved": "https://registry.npmjs.org/mime-types/-/mime-types-2.1.35.tgz",
      "integrity": "sha512-ZDY+bPm5zTTF+YpCrAU9nK0UgICYPT0QtT1NZWFv4s++TNkcgVaT0g6+4R2uI4MjQjzysHB1zxuWL50hzaeXiw==",
      "dependencies": {
        "mime-db": "1.52.0"
      },
      "engines": {
        "node": ">= 0.6"
      }
    },
    "node_modules/os-homedir": {
      "version": "1.0.2",
      "resolved": "https://registry.npmjs.org/os-homedir/-/os-homedir-1.0.2.tgz",
      "integrity": "sha1-/7xJiDNuDoM94MFox+8VISGqf7M=",
      "engines": {
        "node": ">=0.10.0"
      }
    },
    "node_modules/proxy-from-env": {
      "version": "1.1.0",
      "resolved": "https://registry.npmjs.org/proxy-from-env/-/proxy-from-env-1.1.0.tgz",
      "integrity": "sha512-D+zkORCbA9f1tdWRK0RaCR3GPv50cMxcrz4X8k5LTSUD1Dkw47mKJEZQNunItRTkWwgtaUSo1RVFRIG9ZXiFYg=="
    },
    "node_modules/requires-port": {
      "version": "1.0.0",
      "resolved": "https://registry.npmjs.org/requires-port/-/requires-port-1.0.0.tgz",
      "integrity": "sha1-kl0mAdOaxIXgkc8NpcbmlNw9yv8="
    },
    "node_modules/safe-replace": {
      "version": "1.1.0",
      "resolved": "https://registry.npmjs.org/safe-replace/-/safe-replace-1.1.0.tgz",
      "integrity": "sha512-9/V2E0CDsKs9DWOOwJH7jYpSl9S3N05uyevNjvsnDauBqRowBPOyot1fIvV5N2IuZAbYyvrTXrYFVG0RZInfFw=="
    }
  }
}
